
Microsoft Visual Studio Solution File, Format Version 12.00
# Visual Studio Version 16
VisualStudioVersion = 16.0.32002.261
MinimumVisualStudioVersion = 10.0.40219.1
Project("{FAE04EC0-301F-11D3-BF4B-00C04F79EFBC}") = "Statting_Simulator", "Statting_Simulator.csproj", "{3F5CA609-D0D2-4A1B-A733-096B105A15A5}"
EndProject
Global
	GlobalSection(SolutionConfigurationPlatforms) = preSolution
		Debug|Any CPU = Debug|Any CPU
		Release|Any CPU = Release|Any CPU
	EndGlobalSection
	GlobalSection(ProjectConfigurationPlatforms) = postSolution
		{3F5CA609-D0D2-4A1B-A733-096B105A15A5}.Debug|Any CPU.ActiveCfg = Debug|Any CPU
		{3F5CA609-D0D2-4A1B-A733-096B105A15A5}.Debug|Any CPU.Build.0 = Debug|Any CPU
		{3F5CA609-D0D2-4A1B-A733-096B105A15A5}.Release|Any CPU.ActiveCfg = Release|Any CPU
		{3F5CA609-D0D2-4A1B-A733-096B105A15A5}.Release|Any CPU.Build.0 = Release|Any CPU
	EndGlobalSection
	GlobalSection(SolutionProperties) = preSolution
		HideSolutionNode = FALSE
	EndGlobalSection
	GlobalSection(ExtensibilityGlobals) = postSolution
		SolutionGuid = {EE4C9DF9-EA31-40BA-86A8-C97AFA802641}
	EndGlobalSection
EndGlobal
